// !$*UTF8*$!
{
	archiveVersion = 1;
	classes = {
	};
	objectVersion = 51;
	objects = {

/* Begin PBXBuildFile section */
		30AB75394837157D19BAE633 /* Pods_Sorting.framework in Frameworks */ = {isa = PBXBuildFile; fileRef = 2ACC5B7EA57E29AD029A5B22 /* Pods_Sorting.framework */; };
		7F5DDD99DF30E7E9719F19D9 /* Pods_SortingTests.framework in Frameworks */ = {isa = PBXBuildFile; fileRef = A7651E1B77B81C24489D9E97 /* Pods_SortingTests.framework */; };
		CE3F409926AD3DF9001654B1 /* AppDelegate.swift in Sources */ = {isa = PBXBuildFile; fileRef = CE3F409826AD3DF9001654B1 /* AppDelegate.swift */; };
		CE3F409B26AD3DF9001654B1 /* SceneDelegate.swift in Sources */ = {isa = PBXBuildFile; fileRef = CE3F409A26AD3DF9001654B1 /* SceneDelegate.swift */; };
		CE3F409D26AD3DF9001654B1 /* ViewController.swift in Sources */ = {isa = PBXBuildFile; fileRef = CE3F409C26AD3DF9001654B1 /* ViewController.swift */; };
		CE3F40A026AD3DF9001654B1 /* Main.storyboard in Resources */ = {isa = PBXBuildFile; fileRef = CE3F409E26AD3DF9001654B1 /* Main.storyboard */; };
		CE3F40A226AD3DFB001654B1 /* Assets.xcassets in Resources */ = {isa = PBXBuildFile; fileRef = CE3F40A126AD3DFB001654B1 /* Assets.xcassets */; };
		CE3F40A526AD3DFB001654B1 /* LaunchScreen.storyboard in Resources */ = {isa = PBXBuildFile; fileRef = CE3F40A326AD3DFB001654B1 /* LaunchScreen.storyboard */; };
		CE3F40B026AD3DFB001654B1 /* SortingTests.swift in Sources */ = {isa = PBXBuildFile; fileRef = CE3F40AF26AD3DFB001654B1 /* SortingTests.swift */; };
		CE3F40BB26AD3DFB001654B1 /* SortingUITests.swift in Sources */ = {isa = PBXBuildFile; fileRef = CE3F40BA26AD3DFB001654B1 /* SortingUITests.swift */; };
		CE3F40CD26AD4295001654B1 /* APIService.swift in Sources */ = {isa = PBXBuildFile; fileRef = CE3F40CC26AD4295001654B1 /* APIService.swift */; };
		CE3F40D326AD42B1001654B1 /* Model.swift in Sources */ = {isa = PBXBuildFile; fileRef = CE3F40D226AD42B1001654B1 /* Model.swift */; };
		CEC602E426ADA09B006B8B79 /* ModelView.swift in Sources */ = {isa = PBXBuildFile; fileRef = CEC602E326ADA09B006B8B79 /* ModelView.swift */; };
		EE3EF1449E3AF9D990240051 /* Pods_Sorting_SortingUITests.framework in Frameworks */ = {isa = PBXBuildFile; fileRef = 90CD026317B5B17E0F5269AD /* Pods_Sorting_SortingUITests.framework */; };
/* End PBXBuildFile section */

/* Begin PBXContainerItemProxy section */
		CE3F40AC26AD3DFB001654B1 /* PBXContainerItemProxy */ = {
			isa = PBXContainerItemProxy;
			containerPortal = CE3F408D26AD3DF8001654B1 /* Project object */;
			proxyType = 1;
			remoteGlobalIDString = CE3F409426AD3DF8001654B1;
			remoteInfo = Sorting;
		};
		CE3F40B726AD3DFB001654B1 /* PBXContainerItemProxy */ = {
			isa = PBXContainerItemProxy;
			containerPortal = CE3F408D26AD3DF8001654B1 /* Project object */;
			proxyType = 1;
			remoteGlobalIDString = CE3F409426AD3DF8001654B1;
			remoteInfo = Sorting;
		};
/* End PBXContainerItemProxy section */

/* Begin PBXFileReference section */
		007B8F08C27AFCD5F4CFECC0 /* Pods-Sorting-SortingUITests.release.xcconfig */ = {isa = PBXFileReference; includeInIndex = 1; lastKnownFileType = text.xcconfig; name = "Pods-Sorting-SortingUITests.release.xcconfig"; path = "Target Support Files/Pods-Sorting-SortingUITests/Pods-Sorting-SortingUITests.release.xcconfig"; sourceTree = "<group>"; };
		171CB095DDD409DF07797BEF /* Pods-Sorting.release.xcconfig */ = {isa = PBXFileReference; includeInIndex = 1; lastKnownFileType = text.xcconfig; name = "Pods-Sorting.release.xcconfig"; path = "Target Support Files/Pods-Sorting/Pods-Sorting.release.xcconfig"; sourceTree = "<group>"; };
		2ACC5B7EA57E29AD029A5B22 /* Pods_Sorting.framework */ = {isa = PBXFileReference; explicitFileType = wrapper.framework; includeInIndex = 0; path = Pods_Sorting.framework; sourceTree = BUILT_PRODUCTS_DIR; };
		6D40D672F62CDC4D303CD6C7 /* Pods-SortingTests.release.xcconfig */ = {isa = PBXFileReference; includeInIndex = 1; lastKnownFileType = text.xcconfig; name = "Pods-SortingTests.release.xcconfig"; path = "Target Support Files/Pods-SortingTests/Pods-SortingTests.release.xcconfig"; sourceTree = "<group>"; };
		90CD026317B5B17E0F5269AD /* Pods_Sorting_SortingUITests.framework */ = {isa = PBXFileReference; explicitFileType = wrapper.framework; includeInIndex = 0; path = Pods_Sorting_SortingUITests.framework; sourceTree = BUILT_PRODUCTS_DIR; };
		9EE9333921CA82A15E8580F5 /* Pods-Sorting.debug.xcconfig */ = {isa = PBXFileReference; includeInIndex = 1; lastKnownFileType = text.xcconfig; name = "Pods-Sorting.debug.xcconfig"; path = "Target Support Files/Pods-Sorting/Pods-Sorting.debug.xcconfig"; sourceTree = "<group>"; };
		A7651E1B77B81C24489D9E97 /* Pods_SortingTests.framework */ = {isa = PBXFileReference; explicitFileType = wrapper.framework; includeInIndex = 0; path = Pods_SortingTests.framework; sourceTree = BUILT_PRODUCTS_DIR; };
		CE3F409526AD3DF9001654B1 /* Sorting.app */ = {isa = PBXFileReference; explicitFileType = wrapper.application; includeInIndex = 0; path = Sorting.app; sourceTree = BUILT_PRODUCTS_DIR; };
		CE3F409826AD3DF9001654B1 /* AppDelegate.swift */ = {isa = PBXFileReference; lastKnownFileType = sourcecode.swift; path = AppDelegate.swift; sourceTree = "<group>"; };
		CE3F409A26AD3DF9001654B1 /* SceneDelegate.swift */ = {isa = PBXFileReference; lastKnownFileType = sourcecode.swift; path = SceneDelegate.swift; sourceTree = "<group>"; };
		CE3F409C26AD3DF9001654B1 /* ViewController.swift */ = {isa = PBXFileReference; lastKnownFileType = sourcecode.swift; path = ViewController.swift; sourceTree = "<group>"; };
		CE3F409F26AD3DF9001654B1 /* Base */ = {isa = PBXFileReference; lastKnownFileType = file.storyboard; name = Base; path = Base.lproj/Main.storyboard; sourceTree = "<group>"; };
		CE3F40A126AD3DFB001654B1 /* Assets.xcassets */ = {isa = PBXFileReference; lastKnownFileType = folder.assetcatalog; path = Assets.xcassets; sourceTree = "<group>"; };
		CE3F40A426AD3DFB001654B1 /* Base */ = {isa = PBXFileReference; lastKnownFileType = file.storyboard; name = Base; path = Base.lproj/LaunchScreen.storyboard; sourceTree = "<group>"; };
		CE3F40A626AD3DFB001654B1 /* Info.plist */ = {isa = PBXFileReference; lastKnownFileType = text.plist.xml; path = Info.plist; sourceTree = "<group>"; };
		CE3F40AB26AD3DFB001654B1 /* SortingTests.xctest */ = {isa = PBXFileReference; explicitFileType = wrapper.cfbundle; includeInIndex = 0; path = SortingTests.xctest; sourceTree = BUILT_PRODUCTS_DIR; };
		CE3F40AF26AD3DFB001654B1 /* SortingTests.swift */ = {isa = PBXFileReference; lastKnownFileType = sourcecode.swift; path = SortingTests.swift; sourceTree = "<group>"; };
		CE3F40B126AD3DFB001654B1 /* Info.plist */ = {isa = PBXFileReference; lastKnownFileType = text.plist.xml; path = Info.plist; sourceTree = "<group>"; };
		CE3F40B626AD3DFB001654B1 /* SortingUITests.xctest */ = {isa = PBXFileReference; explicitFileType = wrapper.cfbundle; includeInIndex = 0; path = SortingUITests.xctest; sourceTree = BUILT_PRODUCTS_DIR; };
		CE3F40BA26AD3DFB001654B1 /* SortingUITests.swift */ = {isa = PBXFileReference; lastKnownFileType = sourcecode.swift; path = SortingUITests.swift; sourceTree = "<group>"; };
		CE3F40BC26AD3DFB001654B1 /* Info.plist */ = {isa = PBXFileReference; lastKnownFileType = text.plist.xml; path = Info.plist; sourceTree = "<group>"; };
		CE3F40CC26AD4295001654B1 /* APIService.swift */ = {isa = PBXFileReference; fileEncoding = 4; lastKnownFileType = sourcecode.swift; path = APIService.swift; sourceTree = "<group>"; };
		CE3F40D226AD42B1001654B1 /* Model.swift */ = {isa = PBXFileReference; fileEncoding = 4; lastKnownFileType = sourcecode.swift; path = Model.swift; sourceTree = "<group>"; };
		CEC602E326ADA09B006B8B79 /* ModelView.swift */ = {isa = PBXFileReference; lastKnownFileType = sourcecode.swift; path = ModelView.swift; sourceTree = "<group>"; };
		D544E69139DC5C8CAAF1E26D /* Pods-Sorting-SortingUITests.debug.xcconfig */ = {isa = PBXFileReference; includeInIndex = 1; lastKnownFileType = text.xcconfig; name = "Pods-Sorting-SortingUITests.debug.xcconfig"; path = "Target Support Files/Pods-Sorting-SortingUITests/Pods-Sorting-SortingUITests.debug.xcconfig"; sourceTree = "<group>"; };
		EC8B29CC3F5BEBFDA521F2D7 /* Pods-SortingTests.debug.xcconfig */ = {isa = PBXFileReference; includeInIndex = 1; lastKnownFileType = text.xcconfig; name = "Pods-SortingTests.debug.xcconfig"; path = "Target Support Files/Pods-SortingTests/Pods-SortingTests.debug.xcconfig"; sourceTree = "<group>"; };
/* End PBXFileReference section */

/* Begin PBXFrameworksBuildPhase section */
		CE3F409226AD3DF8001654B1 /* Frameworks */ = {
			isa = PBXFrameworksBuildPhase;
			buildActionMask = 2147483647;
			files = (
				30AB75394837157D19BAE633 /* Pods_Sorting.framework in Frameworks */,
			);
			runOnlyForDeploymentPostprocessing = 0;
		};
		CE3F40A826AD3DFB001654B1 /* Frameworks */ = {
			isa = PBXFrameworksBuildPhase;
			buildActionMask = 2147483647;
			files = (
				7F5DDD99DF30E7E9719F19D9 /* Pods_SortingTests.framework in Frameworks */,
			);
			runOnlyForDeploymentPostprocessing = 0;
		};
		CE3F40B326AD3DFB001654B1 /* Frameworks */ = {
			isa = PBXFrameworksBuildPhase;
			buildActionMask = 2147483647;
			files = (
				EE3EF1449E3AF9D990240051 /* Pods_Sorting_SortingUITests.framework in Frameworks */,
			);
			runOnlyForDeploymentPostprocessing = 0;
		};
/* End PBXFrameworksBuildPhase section */

/* Begin PBXGroup section */
		4FFB57C6FAD45AA931B5171E /* Pods */ = {
			isa = PBXGroup;
			children = (
				9EE9333921CA82A15E8580F5 /* Pods-Sorting.debug.xcconfig */,
				171CB095DDD409DF07797BEF /* Pods-Sorting.release.xcconfig */,
				D544E69139DC5C8CAAF1E26D /* Pods-Sorting-SortingUITests.debug.xcconfig */,
				007B8F08C27AFCD5F4CFECC0 /* Pods-Sorting-SortingUITests.release.xcconfig */,
				EC8B29CC3F5BEBFDA521F2D7 /* Pods-SortingTests.debug.xcconfig */,
				6D40D672F62CDC4D303CD6C7 /* Pods-SortingTests.release.xcconfig */,
			);
			path = Pods;
			sourceTree = "<group>";
		};
		810CA3D8A2B27ACF2374FABF /* Frameworks */ = {
			isa = PBXGroup;
			children = (
				2ACC5B7EA57E29AD029A5B22 /* Pods_Sorting.framework */,
				90CD026317B5B17E0F5269AD /* Pods_Sorting_SortingUITests.framework */,
				A7651E1B77B81C24489D9E97 /* Pods_SortingTests.framework */,
			);
			name = Frameworks;
			sourceTree = "<group>";
		};
		CE3F408C26AD3DF8001654B1 = {
			isa = PBXGroup;
			children = (
				CE3F409726AD3DF9001654B1 /* Sorting */,
				CE3F40AE26AD3DFB001654B1 /* SortingTests */,
				CE3F40B926AD3DFB001654B1 /* SortingUITests */,
				CE3F409626AD3DF9001654B1 /* Products */,
				4FFB57C6FAD45AA931B5171E /* Pods */,
				810CA3D8A2B27ACF2374FABF /* Frameworks */,
			);
			sourceTree = "<group>";
		};
		CE3F409626AD3DF9001654B1 /* Products */ = {
			isa = PBXGroup;
			children = (
				CE3F409526AD3DF9001654B1 /* Sorting.app */,
				CE3F40AB26AD3DFB001654B1 /* SortingTests.xctest */,
				CE3F40B626AD3DFB001654B1 /* SortingUITests.xctest */,
			);
			name = Products;
			sourceTree = "<group>";
		};
		CE3F409726AD3DF9001654B1 /* Sorting */ = {
			isa = PBXGroup;
			children = (
				CE3F409826AD3DF9001654B1 /* AppDelegate.swift */,
				CE3F409A26AD3DF9001654B1 /* SceneDelegate.swift */,
				CE3F409C26AD3DF9001654B1 /* ViewController.swift */,
				CE3F409E26AD3DF9001654B1 /* Main.storyboard */,
				CE3F40A126AD3DFB001654B1 /* Assets.xcassets */,
				CE3F40A326AD3DFB001654B1 /* LaunchScreen.storyboard */,
				CE3F40A626AD3DFB001654B1 /* Info.plist */,
				CE3F40D126AD42B1001654B1 /* Model */,
				CE3F40CB26AD4295001654B1 /* ApiService */,
				CEC602E326ADA09B006B8B79 /* ModelView.swift */,
			);
			path = Sorting;
			sourceTree = "<group>";
		};
		CE3F40AE26AD3DFB001654B1 /* SortingTests */ = {
			isa = PBXGroup;
			children = (
				CE3F40AF26AD3DFB001654B1 /* SortingTests.swift */,
				CE3F40B126AD3DFB001654B1 /* Info.plist */,
			);
			path = SortingTests;
			sourceTree = "<group>";
		};
		CE3F40B926AD3DFB001654B1 /* SortingUITests */ = {
			isa = PBXGroup;
			children = (
				CE3F40BA26AD3DFB001654B1 /* SortingUITests.swift */,
				CE3F40BC26AD3DFB001654B1 /* Info.plist */,
			);
			path = SortingUITests;
			sourceTree = "<group>";
		};
		CE3F40CB26AD4295001654B1 /* ApiService */ = {
			isa = PBXGroup;
			children = (
				CE3F40CC26AD4295001654B1 /* APIService.swift */,
			);
			name = ApiService;
			path = ../../SearchApp/SearchApp/ApiService;
			sourceTree = "<group>";
		};
		CE3F40D126AD42B1001654B1 /* Model */ = {
			isa = PBXGroup;
			children = (
				CE3F40D226AD42B1001654B1 /* Model.swift */,
			);
			name = Model;
			path = ../../SearchApp/SearchApp/Model;
			sourceTree = "<group>";
		};
/* End PBXGroup section */

/* Begin PBXNativeTarget section */
		CE3F409426AD3DF8001654B1 /* Sorting */ = {
			isa = PBXNativeTarget;
			buildConfigurationList = CE3F40BF26AD3DFB001654B1 /* Build configuration list for PBXNativeTarget "Sorting" */;
			buildPhases = (
				E778C284A567276ABA7D3155 /* [CP] Check Pods Manifest.lock */,
				CE3F409126AD3DF8001654B1 /* Sources */,
				CE3F409226AD3DF8001654B1 /* Frameworks */,
				CE3F409326AD3DF8001654B1 /* Resources */,
				6C6966780A11B2AF2BD8EA38 /* [CP] Embed Pods Frameworks */,
			);
			buildRules = (
			);
			dependencies = (
			);
			name = Sorting;
			productName = Sorting;
			productReference = CE3F409526AD3DF9001654B1 /* Sorting.app */;
			productType = "com.apple.product-type.application";
		};
		CE3F40AA26AD3DFB001654B1 /* SortingTests */ = {
			isa = PBXNativeTarget;
			buildConfigurationList = CE3F40C226AD3DFB001654B1 /* Build configuration list for PBXNativeTarget "SortingTests" */;
			buildPhases = (
				8854DC0F7052EE8083B3F6B7 /* [CP] Check Pods Manifest.lock */,
				CE3F40A726AD3DFB001654B1 /* Sources */,
				CE3F40A826AD3DFB001654B1 /* Frameworks */,
				CE3F40A926AD3DFB001654B1 /* Resources */,
			);
			buildRules = (
			);
			dependencies = (
				CE3F40AD26AD3DFB001654B1 /* PBXTargetDependency */,
			);
			name = SortingTests;
			productName = SortingTests;
			productReference = CE3F40AB26AD3DFB001654B1 /* SortingTests.xctest */;
			productType = "com.apple.product-type.bundle.unit-test";
		};
		CE3F40B526AD3DFB001654B1 /* SortingUITests */ = {
			isa = PBXNativeTarget;
			buildConfigurationList = CE3F40C526AD3DFB001654B1 /* Build configuration list for PBXNativeTarget "SortingUITests" */;
			buildPhases = (
				EA9795F2720D01AB4A1A5C27 /* [CP] Check Pods Manifest.lock */,
				CE3F40B226AD3DFB001654B1 /* Sources */,
				CE3F40B326AD3DFB001654B1 /* Frameworks */,
				CE3F40B426AD3DFB001654B1 /* Resources */,
				200C472D9E59E0E03F41C4F2 /* [CP] Embed Pods Frameworks */,
			);
			buildRules = (
			);
			dependencies = (
				CE3F40B826AD3DFB001654B1 /* PBXTargetDependency */,
			);
			name = SortingUITests;
			productName = SortingUITests;
			productReference = CE3F40B626AD3DFB001654B1 /* SortingUITests.xctest */;
			productType = "com.apple.product-type.bundle.ui-testing";
		};
/* End PBXNativeTarget section */

/* Begin PBXProject section */
		CE3F408D26AD3DF8001654B1 /* Project object */ = {
			isa = PBXProject;
			attributes = {
				LastSwiftUpdateCheck = 1220;
				LastUpgradeCheck = 1220;
				TargetAttributes = {
					CE3F409426AD3DF8001654B1 = {
						CreatedOnToolsVersion = 12.2;
					};
					CE3F40AA26AD3DFB001654B1 = {
						CreatedOnToolsVersion = 12.2;
						TestTargetID = CE3F409426AD3DF8001654B1;
					};
					CE3F40B526AD3DFB001654B1 = {
						CreatedOnToolsVersion = 12.2;
						TestTargetID = CE3F409426AD3DF8001654B1;
					};
				};
			};
			buildConfigurationList = CE3F409026AD3DF8001654B1 /* Build configuration list for PBXProject "Sorting" */;
			compatibilityVersion = "Xcode 9.3";
			developmentRegion = en;
			hasScannedForEncodings = 0;
			knownRegions = (
				en,
				Base,
			);
			mainGroup = CE3F408C26AD3DF8001654B1;
			productRefGroup = CE3F409626AD3DF9001654B1 /* Products */;
			projectDirPath = "";
			projectRoot = "";
			targets = (
				CE3F409426AD3DF8001654B1 /* Sorting */,
				CE3F40AA26AD3DFB001654B1 /* SortingTests */,
				CE3F40B526AD3DFB001654B1 /* SortingUITests */,
			);
		};
/* End PBXProject section */

/* Begin PBXResourcesBuildPhase section */
		CE3F409326AD3DF8001654B1 /* Resources */ = {
			isa = PBXResourcesBuildPhase;
			buildActionMask = 2147483647;
			files = (
				CE3F40A526AD3DFB001654B1 /* LaunchScreen.storyboard in Resources */,
				CE3F40A226AD3DFB001654B1 /* Assets.xcassets in Resources */,
				CE3F40A026AD3DF9001654B1 /* Main.storyboard in Resources */,
			);
			runOnlyForDeploymentPostprocessing = 0;
		};
		CE3F40A926AD3DFB001654B1 /* Resources */ = {
			isa = PBXResourcesBuildPhase;
			buildActionMask = 2147483647;
			files = (
			);
			runOnlyForDeploymentPostprocessing = 0;
		};
		CE3F40B426AD3DFB001654B1 /* Resources */ = {
			isa = PBXResourcesBuildPhase;
			buildActionMask = 2147483647;
			files = (
			);
			runOnlyForDeploymentPostprocessing = 0;
		};
/* End PBXResourcesBuildPhase section */

/* Begin PBXShellScriptBuildPhase section */
		200C472D9E59E0E03F41C4F2 /* [CP] Embed Pods Frameworks */ = {
			isa = PBXShellScriptBuildPhase;
			buildActionMask = 2147483647;
			files = (
			);
			inputFileListPaths = (
				"${PODS_ROOT}/Target Support Files/Pods-Sorting-SortingUITests/Pods-Sorting-SortingUITests-frameworks-${CONFIGURATION}-input-files.xcfilelist",
			);
			name = "[CP] Embed Pods Frameworks";
			outputFileListPaths = (
				"${PODS_ROOT}/Target Support Files/Pods-Sorting-SortingUITests/Pods-Sorting-SortingUITests-frameworks-${CONFIGURATION}-output-files.xcfilelist",
			);
			runOnlyForDeploymentPostprocessing = 0;
			shellPath = /bin/sh;
			shellScript = "\"${PODS_ROOT}/Target Support Files/Pods-Sorting-SortingUITests/Pods-Sorting-SortingUITests-frameworks.sh\"\n";
			showEnvVarsInLog = 0;
		};
		6C6966780A11B2AF2BD8EA38 /* [CP] Embed Pods Frameworks */ = {
			isa = PBXShellScriptBuildPhase;
			buildActionMask = 2147483647;
			files = (
			);
			inputFileListPaths = (
				"${PODS_ROOT}/Target Support Files/Pods-Sorting/Pods-Sorting-frameworks-${CONFIGURATION}-input-files.xcfilelist",
			);
			name = "[CP] Embed Pods Frameworks";
			outputFileListPaths = (
				"${PODS_ROOT}/Target Support Files/Pods-Sorting/Pods-Sorting-frameworks-${CONFIGURATION}-output-files.xcfilelist",
			);
			runOnlyForDeploymentPostprocessing = 0;
			shellPath = /bin/sh;
			shellScript = "\"${PODS_ROOT}/Target Support Files/Pods-Sorting/Pods-Sorting-frameworks.sh\"\n";
			showEnvVarsInLog = 0;
		};
		8854DC0F7052EE8083B3F6B7 /* [CP] Check Pods Manifest.lock */ = {
			isa = PBXShellScriptBuildPhase;
			buildActionMask = 2147483647;
			files = (
			);
			inputFileListPaths = (
			);
			inputPaths = (
				"${PODS_PODFILE_DIR_PATH}/Podfile.lock",
				"${PODS_ROOT}/Manifest.lock",
			);
			name = "[CP] Check Pods Manifest.lock";
			outputFileListPaths = (
			);
			outputPaths = (
				"$(DERIVED_FILE_DIR)/Pods-SortingTests-checkManifestLockResult.txt",
			);
			runOnlyForDeploymentPostprocessing = 0;
			shellPath = /bin/sh;
			shellScript = "diff \"${PODS_PODFILE_DIR_PATH}/Podfile.lock\" \"${PODS_ROOT}/Manifest.lock\" > /dev/null\nif [ $? != 0 ] ; then\n    # print error to STDERR\n    echo \"error: The sandbox is not in sync with the Podfile.lock. Run 'pod install' or update your CocoaPods installation.\" >&2\n    exit 1\nfi\n# This output is used by Xcode 'outputs' to avoid re-running this script phase.\necho \"SUCCESS\" > \"${SCRIPT_OUTPUT_FILE_0}\"\n";
			showEnvVarsInLog = 0;
		};
		E778C284A567276ABA7D3155 /* [CP] Check Pods Manifest.lock */ = {
			isa = PBXShellScriptBuildPhase;
			buildActionMask = 2147483647;
			files = (
			);
			inputFileListPaths = (
			);
			inputPaths = (
				"${PODS_PODFILE_DIR_PATH}/Podfile.lock",
				"${PODS_ROOT}/Manifest.lock",
			);
			name = "[CP] Check Pods Manifest.lock";
			outputFileListPaths = (
			);
			outputPaths = (
				"$(DERIVED_FILE_DIR)/Pods-Sorting-checkManifestLockResult.txt",
			);
			runOnlyForDeploymentPostprocessing = 0;
			shellPath = /bin/sh;
			shellScript = "diff \"${PODS_PODFILE_DIR_PATH}/Podfile.lock\" \"${PODS_ROOT}/Manifest.lock\" > /dev/null\nif [ $? != 0 ] ; then\n    # print error to STDERR\n    echo \"error: The sandbox is not in sync with the Podfile.lock. Run 'pod install' or update your CocoaPods installation.\" >&2\n    exit 1\nfi\n# This output is used by Xcode 'outputs' to avoid re-running this script phase.\necho \"SUCCESS\" > \"${SCRIPT_OUTPUT_FILE_0}\"\n";
			showEnvVarsInLog = 0;
		};
		EA9795F2720D01AB4A1A5C27 /* [CP] Check Pods Manifest.lock */ = {
			isa = PBXShellScriptBuildPhase;
			buildActionMask = 2147483647;
			files = (
			);
			inputFileListPaths = (
			);
			inputPaths = (
				"${PODS_PODFILE_DIR_PATH}/Podfile.lock",
				"${PODS_ROOT}/Manifest.lock",
			);
			name = "[CP] Check Pods Manifest.lock";
			outputFileListPaths = (
			);
			outputPaths = (
				"$(DERIVED_FILE_DIR)/Pods-Sorting-SortingUITests-checkManifestLockResult.txt",
			);
			runOnlyForDeploymentPostprocessing = 0;
			shellPath = /bin/sh;
			shellScript = "diff \"${PODS_PODFILE_DIR_PATH}/Podfile.lock\" \"${PODS_ROOT}/Manifest.lock\" > /dev/null\nif [ $? != 0 ] ; then\n    # print error to STDERR\n    echo \"error: The sandbox is not in sync with the Podfile.lock. Run 'pod install' or update your CocoaPods installation.\" >&2\n    exit 1\nfi\n# This output is used by Xcode 'outputs' to avoid re-running this script phase.\necho \"SUCCESS\" > \"${SCRIPT_OUTPUT_FILE_0}\"\n";
			showEnvVarsInLog = 0;
		};
/* End PBXShellScriptBuildPhase section */

/* Begin PBXSourcesBuildPhase section */
		CE3F409126AD3DF8001654B1 /* Sources */ = {
			isa = PBXSourcesBuildPhase;
			buildActionMask = 2147483647;
			files = (
				CEC602E426ADA09B006B8B79 /* ModelView.swift in Sources */,
				CE3F40D326AD42B1001654B1 /* Model.swift in Sources */,
				CE3F409D26AD3DF9001654B1 /* ViewController.swift in Sources */,
				CE3F409926AD3DF9001654B1 /* AppDelegate.swift in Sources */,
				CE3F40CD26AD4295001654B1 /* APIService.swift in Sources */,
				CE3F409B26AD3DF9001654B1 /* SceneDelegate.swift in Sources */,
			);
			runOnlyForDeploymentPostprocessing = 0;
		};
		CE3F40A726AD3DFB001654B1 /* Sources */ = {
			isa = PBXSourcesBuildPhase;
			buildActionMask = 2147483647;
			files = (
				CE3F40B026AD3DFB001654B1 /* SortingTests.swift in Sources */,
			);
			runOnlyForDeploymentPostprocessing = 0;
		};
		CE3F40B226AD3DFB001654B1 /* Sources */ = {
			isa = PBXSourcesBuildPhase;
			buildActionMask = 2147483647;
			files = (
				CE3F40BB26AD3DFB001654B1 /* SortingUITests.swift in Sources */,
			);
			runOnlyForDeploymentPostprocessing = 0;
		};
/* End PBXSourcesBuildPhase section */

/* Begin PBXTargetDependency section */
		CE3F40AD26AD3DFB001654B1 /* PBXTargetDependency */ = {
			isa = PBXTargetDependency;
			target = CE3F409426AD3DF8001654B1 /* Sorting */;
			targetProxy = CE3F40AC26AD3DFB001654B1 /* PBXContainerItemProxy */;
		};
		CE3F40B826AD3DFB001654B1 /* PBXTargetDependency */ = {
			isa = PBXTargetDependency;
			target = CE3F409426AD3DF8001654B1 /* Sorting */;
			targetProxy = CE3F40B726AD3DFB001654B1 /* PBXContainerItemProxy */;
		};
/* End PBXTargetDependency section */

/* Begin PBXVariantGroup section */
		CE3F409E26AD3DF9001654B1 /* Main.storyboard */ = {
			isa = PBXVariantGroup;
			children = (
				CE3F409F26AD3DF9001654B1 /* Base */,
			);
			name = Main.storyboard;
			sourceTree = "<group>";
		};
		CE3F40A326AD3DFB001654B1 /* LaunchScreen.storyboard */ = {
			isa = PBXVariantGroup;
			children = (
				CE3F40A426AD3DFB001654B1 /* Base */,
			);
			name = LaunchScreen.storyboard;
			sourceTree = "<group>";
		};
/* End PBXVariantGroup section */

/* Begin XCBuildConfiguration section */
		CE3F40BD26AD3DFB001654B1 /* Debug */ = {
			isa = XCBuildConfiguration;
			buildSettings = {
				ALWAYS_SEARCH_USER_PATHS = NO;
				CLANG_ANALYZER_NONNULL = YES;
				CLANG_ANALYZER_NUMBER_OBJECT_CONVERSION = YES_AGGRESSIVE;
				CLANG_CXX_LANGUAGE_STANDARD = "gnu++14";
				CLANG_CXX_LIBRARY = "libc++";
				CLANG_ENABLE_MODULES = YES;
				CLANG_ENABLE_OBJC_ARC = YES;
				CLANG_ENABLE_OBJC_WEAK = YES;
				CLANG_WARN_BLOCK_CAPTURE_AUTORELEASING = YES;
				CLANG_WARN_BOOL_CONVERSION = YES;
				CLANG_WARN_COMMA = YES;
				CLANG_WARN_CONSTANT_CONVERSION = YES;
				CLANG_WARN_DEPRECATED_OBJC_IMPLEMENTATIONS = YES;
				CLANG_WARN_DIRECT_OBJC_ISA_USAGE = YES_ERROR;
				CLANG_WARN_DOCUMENTATION_COMMENTS = YES;
				CLANG_WARN_EMPTY_BODY = YES;
				CLANG_WARN_ENUM_CONVERSION = YES;
				CLANG_WARN_INFINITE_RECURSION = YES;
				CLANG_WARN_INT_CONVERSION = YES;
				CLANG_WARN_NON_LITERAL_NULL_CONVERSION = YES;
				CLANG_WARN_OBJC_IMPLICIT_RETAIN_SELF = YES;
				CLANG_WARN_OBJC_LITERAL_CONVERSION = YES;
				CLANG_WARN_OBJC_ROOT_CLASS = YES_ERROR;
				CLANG_WARN_QUOTED_INCLUDE_IN_FRAMEWORK_HEADER = YES;
				CLANG_WARN_RANGE_LOOP_ANALYSIS = YES;
				CLANG_WARN_STRICT_PROTOTYPES = YES;
				CLANG_WARN_SUSPICIOUS_MOVE = YES;
				CLANG_WARN_UNGUARDED_AVAILABILITY = YES_AGGRESSIVE;
				CLANG_WARN_UNREACHABLE_CODE = YES;
				CLANG_WARN__DUPLICATE_METHOD_MATCH = YES;
				COPY_PHASE_STRIP = NO;
				DEBUG_INFORMATION_FORMAT = dwarf;
				ENABLE_STRICT_OBJC_MSGSEND = YES;
				ENABLE_TESTABILITY = YES;
				GCC_C_LANGUAGE_STANDARD = gnu11;
				GCC_DYNAMIC_NO_PIC = NO;
				GCC_NO_COMMON_BLOCKS = YES;
				GCC_OPTIMIZATION_LEVEL = 0;
				GCC_PREPROCESSOR_DEFINITIONS = (
					"DEBUG=1",
					"$(inherited)",
				);
				GCC_WARN_64_TO_32_BIT_CONVERSION = YES;
				GCC_WARN_ABOUT_RETURN_TYPE = YES_ERROR;
				GCC_WARN_UNDECLARED_SELECTOR = YES;
				GCC_WARN_UNINITIALIZED_AUTOS = YES_AGGRESSIVE;
				GCC_WARN_UNUSED_FUNCTION = YES;
				GCC_WARN_UNUSED_VARIABLE = YES;
				IPHONEOS_DEPLOYMENT_TARGET = 14.2;
				MTL_ENABLE_DEBUG_INFO = INCLUDE_SOURCE;
				MTL_FAST_MATH = YES;
				ONLY_ACTIVE_ARCH = YES;
				SDKROOT = iphoneos;
				SWIFT_ACTIVE_COMPILATION_CONDITIONS = DEBUG;
				SWIFT_OPTIMIZATION_LEVEL = "-Onone";
			};
			name = Debug;
		};
		CE3F40BE26AD3DFB001654B1 /* Release */ = {
			isa = XCBuildConfiguration;
			buildSettings = {
				ALWAYS_SEARCH_USER_PATHS = NO;
				CLANG_ANALYZER_NONNULL = YES;
				CLANG_ANALYZER_NUMBER_OBJECT_CONVERSION = YES_AGGRESSIVE;
				CLANG_CXX_LANGUAGE_STANDARD = "gnu++14";
				CLANG_CXX_LIBRARY = "libc++";
				CLANG_ENABLE_MODULES = YES;
				CLANG_ENABLE_OBJC_ARC = YES;
				CLANG_ENABLE_OBJC_WEAK = YES;
				CLANG_WARN_BLOCK_CAPTURE_AUTORELEASING = YES;
				CLANG_WARN_BOOL_CONVERSION = YES;
				CLANG_WARN_COMMA = YES;
				CLANG_WARN_CONSTANT_CONVERSION = YES;
				CLANG_WARN_DEPRECATED_OBJC_IMPLEMENTATIONS = YES;
				CLANG_WARN_DIRECT_OBJC_ISA_USAGE = YES_ERROR;
				CLANG_WARN_DOCUMENTATION_COMMENTS = YES;
				CLANG_WARN_EMPTY_BODY = YES;
				CLANG_WARN_ENUM_CONVERSION = YES;
				CLANG_WARN_INFINITE_RECURSION = YES;
				CLANG_WARN_INT_CONVERSION = YES;
				CLANG_WARN_NON_LITERAL_NULL_CONVERSION = YES;
				CLANG_WARN_OBJC_IMPLICIT_RETAIN_SELF = YES;
				CLANG_WARN_OBJC_LITERAL_CONVERSION = YES;
				CLANG_WARN_OBJC_ROOT_CLASS = YES_ERROR;
				CLANG_WARN_QUOTED_INCLUDE_IN_FRAMEWORK_HEADER = YES;
				CLANG_WARN_RANGE_LOOP_ANALYSIS = YES;
				CLANG_WARN_STRICT_PROTOTYPES = YES;
				CLANG_WARN_SUSPICIOUS_MOVE = YES;
				CLANG_WARN_UNGUARDED_AVAILABILITY = YES_AGGRESSIVE;
				CLANG_WARN_UNREACHABLE_CODE = YES;
				CLANG_WARN__DUPLICATE_METHOD_MATCH = YES;
				COPY_PHASE_STRIP = NO;
				DEBUG_INFORMATION_FORMAT = "dwarf-with-dsym";
				ENABLE_NS_ASSERTIONS = NO;
				ENABLE_STRICT_OBJC_MSGSEND = YES;
				GCC_C_LANGUAGE_STANDARD = gnu11;
				GCC_NO_COMMON_BLOCKS = YES;
				GCC_WARN_64_TO_32_BIT_CONVERSION = YES;
				GCC_WARN_ABOUT_RETURN_TYPE = YES_ERROR;
				GCC_WARN_UNDECLARED_SELECTOR = YES;
				GCC_WARN_UNINITIALIZED_AUTOS = YES_AGGRESSIVE;
				GCC_WARN_UNUSED_FUNCTION = YES;
				GCC_WARN_UNUSED_VARIABLE = YES;
				IPHONEOS_DEPLOYMENT_TARGET = 14.2;
				MTL_ENABLE_DEBUG_INFO = NO;
				MTL_FAST_MATH = YES;
				SDKROOT = iphoneos;
				SWIFT_COMPILATION_MODE = wholemodule;
				SWIFT_OPTIMIZATION_LEVEL = "-O";
				VALIDATE_PRODUCT = YES;
			};
			name = Release;
		};
		CE3F40C026AD3DFB001654B1 /* Debug */ = {
			isa = XCBuildConfiguration;
			baseConfigurationReference = 9EE9333921CA82A15E8580F5 /* Pods-Sorting.debug.xcconfig */;
			buildSettings = {
				ASSETCATALOG_COMPILER_APPICON_NAME = AppIcon;
				ASSETCATALOG_COMPILER_GLOBAL_ACCENT_COLOR_NAME = AccentColor;
				CODE_SIGN_STYLE = Automatic;
				DEVELOPMENT_TEAM = C33ES753XY;
				INFOPLIST_FILE = Sorting/Info.plist;
				LD_RUNPATH_SEARCH_PATHS = (
					"$(inherited)",
					"@executable_path/Frameworks",
				);
				PRODUCT_BUNDLE_IDENTIFIER = GaGan.Sorting;
				PRODUCT_NAME = "$(TARGET_NAME)";
				SWIFT_VERSION = 5.0;
				TARGETED_DEVICE_FAMILY = "1,2";
			};
			name = Debug;
		};
		CE3F40C126AD3DFB001654B1 /* Release */ = {
			isa = XCBuildConfiguration;
			baseConfigurationReference = 171CB095DDD409DF07797BEF /* Pods-Sorting.release.xcconfig */;
			buildSettings = {
				ASSETCATALOG_COMPILER_APPICON_NAME = AppIcon;
				ASSETCATALOG_COMPILER_GLOBAL_ACCENT_COLOR_NAME = AccentColor;
				CODE_SIGN_STYLE = Automatic;
				DEVELOPMENT_TEAM = C33ES753XY;
				INFOPLIST_FILE = Sorting/Info.plist;
				LD_RUNPATH_SEARCH_PATHS = (
					"$(inherited)",
					"@executable_path/Frameworks",
				);
				PRODUCT_BUNDLE_IDENTIFIER = GaGan.Sorting;
				PRODUCT_NAME = "$(TARGET_NAME)";
				SWIFT_VERSION = 5.0;
				TARGETED_DEVICE_FAMILY = "1,2";
			};
			name = Release;
		};
		CE3F40C326AD3DFB001654B1 /* Debug */ = {
			isa = XCBuildConfiguration;
			baseConfigurationReference = EC8B29CC3F5BEBFDA521F2D7 /* Pods-SortingTests.debug.xcconfig */;
			buildSettings = {
				ALWAYS_EMBED_SWIFT_STANDARD_LIBRARIES = YES;
				BUNDLE_LOADER = "$(TEST_HOST)";
				CODE_SIGN_STYLE = Automatic;
				DEVELOPMENT_TEAM = C33ES753XY;
				INFOPLIST_FILE = SortingTests/Info.plist;
				IPHONEOS_DEPLOYMENT_TARGET = 14.2;
				LD_RUNPATH_SEARCH_PATHS = (
					"$(inherited)",
					"@executable_path/Frameworks",
					"@loader_path/Frameworks",
				);
				PRODUCT_BUNDLE_IDENTIFIER = GaGan.SortingTests;
				PRODUCT_NAME = "$(TARGET_NAME)";
				SWIFT_VERSION = 5.0;
				TARGETED_DEVICE_FAMILY = "1,2";
				TEST_HOST = "$(BUILT_PRODUCTS_DIR)/Sorting.app/Sorting";
			};
			name = Debug;
		};
		CE3F40C426AD3DFB001654B1 /* Release */ = {
			isa = XCBuildConfiguration;
			baseConfigurationReference = 6D40D672F62CDC4D303CD6C7 /* Pods-SortingTests.release.xcconfig */;
			buildSettings = {
				ALWAYS_EMBED_SWIFT_STANDARD_LIBRARIES = YES;
				BUNDLE_LOADER = "$(TEST_HOST)";
				CODE_SIGN_STYLE = Automatic;
				DEVELOPMENT_TEAM = C33ES753XY;
				INFOPLIST_FILE = SortingTests/Info.plist;
				IPHONEOS_DEPLOYMENT_TARGET = 14.2;
				LD_RUNPATH_SEARCH_PATHS = (
					"$(inherited)",
					"@executable_path/Frameworks",
					"@loader_path/Frameworks",
				);
				PRODUCT_BUNDLE_IDENTIFIER = GaGan.SortingTests;
				PRODUCT_NAME = "$(TARGET_NAME)";
				SWIFT_VERSION = 5.0;
				TARGETED_DEVICE_FAMILY = "1,2";
				TEST_HOST = "$(BUILT_PRODUCTS_DIR)/Sorting.app/Sorting";
			};
			name = Release;
		};
		CE3F40C626AD3DFB001654B1 /* Debug */ = {
			isa = XCBuildConfiguration;
			baseConfigurationReference = D544E69139DC5C8CAAF1E26D /* Pods-Sorting-SortingUITests.debug.xcconfig */;
			buildSettings = {
				ALWAYS_EMBED_SWIFT_STANDARD_LIBRARIES = YES;
				CODE_SIGN_STYLE = Automatic;
				DEVELOPMENT_TEAM = C33ES753XY;
				INFOPLIST_FILE = SortingUITests/Info.plist;
				LD_RUNPATH_SEARCH_PATHS = (
					"$(inherited)",
					"@executable_path/Frameworks",
					"@loader_path/Frameworks",
				);
				PRODUCT_BUNDLE_IDENTIFIER = GaGan.SortingUITests;
				PRODUCT_NAME = "$(TARGET_NAME)";
				SWIFT_VERSION = 5.0;
				TARGETED_DEVICE_FAMILY = "1,2";
				TEST_TARGET_NAME = Sorting;
			};
			name = Debug;
		};
		CE3F40C726AD3DFB001654B1 /* Release */ = {
			isa = XCBuildConfiguration;
			baseConfigurationReference = 007B8F08C27AFCD5F4CFECC0 /* Pods-Sorting-SortingUITests.release.xcconfig */;
			buildSettings = {
				ALWAYS_EMBED_SWIFT_STANDARD_LIBRARIES = YES;
				CODE_SIGN_STYLE = Automatic;
				DEVELOPMENT_TEAM = C33ES753XY;
				INFOPLIST_FILE = SortingUITests/Info.plist;
				LD_RUNPATH_SEARCH_PATHS = (
					"$(inherited)",
					"@executable_path/Frameworks",
					"@loader_path/Frameworks",
				);
				PRODUCT_BUNDLE_IDENTIFIER = GaGan.SortingUITests;
				PRODUCT_NAME = "$(TARGET_NAME)";
				SWIFT_VERSION = 5.0;
				TARGETED_DEVICE_FAMILY = "1,2";
				TEST_TARGET_NAME = Sorting;
			};
			name = Release;
		};
/* End XCBuildConfiguration section */

/* Begin XCConfigurationList section */
		CE3F409026AD3DF8001654B1 /* Build configuration list for PBXProject "Sorting" */ = {
			isa = XCConfigurationList;
			buildConfigurations = (
				CE3F40BD26AD3DFB001654B1 /* Debug */,
				CE3F40BE26AD3DFB001654B1 /* Release */,
			);
			defaultConfigurationIsVisible = 0;
			defaultConfigurationName = Release;
		};
		CE3F40BF26AD3DFB001654B1 /* Build configuration list for PBXNativeTarget "Sorting" */ = {
			isa = XCConfigurationList;
			buildConfigurations = (
				CE3F40C026AD3DFB001654B1 /* Debug */,
				CE3F40C126AD3DFB001654B1 /* Release */,
			);
			defaultConfigurationIsVisible = 0;
			defaultConfigurationName = Release;
		};
		CE3F40C226AD3DFB001654B1 /* Build configuration list for PBXNativeTarget "SortingTests" */ = {
			isa = XCConfigurationList;
			buildConfigurations = (
				CE3F40C326AD3DFB001654B1 /* Debug */,
				CE3F40C426AD3DFB001654B1 /* Release */,
			);
			defaultConfigurationIsVisible = 0;
			defaultConfigurationName = Release;
		};
		CE3F40C526AD3DFB001654B1 /* Build configuration list for PBXNativeTarget "SortingUITests" */ = {
			isa = XCConfigurationList;
			buildConfigurations = (
				CE3F40C626AD3DFB001654B1 /* Debug */,
				CE3F40C726AD3DFB001654B1 /* Release */,
			);
			defaultConfigurationIsVisible = 0;
			defaultConfigurationName = Release;
		};
/* End XCConfigurationList section */
	};
	rootObject = CE3F408D26AD3DF8001654B1 /* Project object */;
}
